// !$*UTF8*$!
{
	archiveVersion = 1;
	classes = {
	};
	objectVersion = 50;
	objects = {

/* Begin PBXBuildFile section */
		BD93B7122491EED7009BE53E /* AppDelegate.swift in Sources */ = {isa = PBXBuildFile; fileRef = BD93B7112491EED7009BE53E /* AppDelegate.swift */; };
		BD93B7142491EED7009BE53E /* SceneDelegate.swift in Sources */ = {isa = PBXBuildFile; fileRef = BD93B7132491EED7009BE53E /* SceneDelegate.swift */; };
		BD93B7182491EED7009BE53E /* SecondViewController.swift in Sources */ = {isa = PBXBuildFile; fileRef = BD93B7172491EED7009BE53E /* SecondViewController.swift */; };
		BD93B71B2491EED7009BE53E /* Main.storyboard in Resources */ = {isa = PBXBuildFile; fileRef = BD93B7192491EED7009BE53E /* Main.storyboard */; };
		BD93B7202491EED9009BE53E /* Assets.xcassets in Resources */ = {isa = PBXBuildFile; fileRef = BD93B71F2491EED9009BE53E /* Assets.xcassets */; };
		BD93B7232491EED9009BE53E /* LaunchScreen.storyboard in Resources */ = {isa = PBXBuildFile; fileRef = BD93B7212491EED9009BE53E /* LaunchScreen.storyboard */; };
		BD93B72B24930670009BE53E /* NoteViewController.swift in Sources */ = {isa = PBXBuildFile; fileRef = BD93B72A24930670009BE53E /* NoteViewController.swift */; };
		BD93B72E24930805009BE53E /* NotesTableViewTableViewController.swift in Sources */ = {isa = PBXBuildFile; fileRef = BD93B72D24930805009BE53E /* NotesTableViewTableViewController.swift */; };
		BD93B73024930A5F009BE53E /* PersistanceService.swift in Sources */ = {isa = PBXBuildFile; fileRef = BD93B72F24930A5F009BE53E /* PersistanceService.swift */; };
		BD93B740249405B2009BE53E /* Note+CoreDataClass.swift in Sources */ = {isa = PBXBuildFile; fileRef = BD93B73E249405B2009BE53E /* Note+CoreDataClass.swift */; };
		BD93B741249405B2009BE53E /* Note+CoreDataProperties.swift in Sources */ = {isa = PBXBuildFile; fileRef = BD93B73F249405B2009BE53E /* Note+CoreDataProperties.swift */; };
		BD93B74924941D67009BE53E /* iNotesPro.xcdatamodeld in Sources */ = {isa = PBXBuildFile; fileRef = BD93B74524941B74009BE53E /* iNotesPro.xcdatamodeld */; };
		BD93B74C24946248009BE53E /* NotesTableViewCell.swift in Sources */ = {isa = PBXBuildFile; fileRef = BD93B74B24946248009BE53E /* NotesTableViewCell.swift */; };
		BD93B74F24956BA4009BE53E /* Notification.swift in Sources */ = {isa = PBXBuildFile; fileRef = BD93B74E24956BA4009BE53E /* Notification.swift */; };
/* End PBXBuildFile section */

/* Begin PBXFileReference section */
		BD93B70E2491EED7009BE53E /* iNotesPro.app */ = {isa = PBXFileReference; explicitFileType = wrapper.application; includeInIndex = 0; path = iNotesPro.app; sourceTree = BUILT_PRODUCTS_DIR; };
		BD93B7112491EED7009BE53E /* AppDelegate.swift */ = {isa = PBXFileReference; lastKnownFileType = sourcecode.swift; path = AppDelegate.swift; sourceTree = "<group>"; };
		BD93B7132491EED7009BE53E /* SceneDelegate.swift */ = {isa = PBXFileReference; lastKnownFileType = sourcecode.swift; path = SceneDelegate.swift; sourceTree = "<group>"; };
		BD93B7172491EED7009BE53E /* SecondViewController.swift */ = {isa = PBXFileReference; lastKnownFileType = sourcecode.swift; path = SecondViewController.swift; sourceTree = "<group>"; };
		BD93B71A2491EED7009BE53E /* Base */ = {isa = PBXFileReference; lastKnownFileType = file.storyboard; name = Base; path = Base.lproj/Main.storyboard; sourceTree = "<group>"; };
		BD93B71F2491EED9009BE53E /* Assets.xcassets */ = {isa = PBXFileReference; lastKnownFileType = folder.assetcatalog; path = Assets.xcassets; sourceTree = "<group>"; };
		BD93B7222491EED9009BE53E /* Base */ = {isa = PBXFileReference; lastKnownFileType = file.storyboard; name = Base; path = Base.lproj/LaunchScreen.storyboard; sourceTree = "<group>"; };
		BD93B7242491EED9009BE53E /* Info.plist */ = {isa = PBXFileReference; lastKnownFileType = text.plist.xml; path = Info.plist; sourceTree = "<group>"; };
		BD93B72A24930670009BE53E /* NoteViewController.swift */ = {isa = PBXFileReference; lastKnownFileType = sourcecode.swift; path = NoteViewController.swift; sourceTree = "<group>"; };
		BD93B72D24930805009BE53E /* NotesTableViewTableViewController.swift */ = {isa = PBXFileReference; lastKnownFileType = sourcecode.swift; path = NotesTableViewTableViewController.swift; sourceTree = "<group>"; };
		BD93B72F24930A5F009BE53E /* PersistanceService.swift */ = {isa = PBXFileReference; lastKnownFileType = sourcecode.swift; path = PersistanceService.swift; sourceTree = "<group>"; };
		BD93B73E249405B2009BE53E /* Note+CoreDataClass.swift */ = {isa = PBXFileReference; lastKnownFileType = sourcecode.swift; name = "Note+CoreDataClass.swift"; path = "iNotesPro/DataModels/Note+CoreDataClass.swift"; sourceTree = "<group>"; };
		BD93B73F249405B2009BE53E /* Note+CoreDataProperties.swift */ = {isa = PBXFileReference; lastKnownFileType = sourcecode.swift; name = "Note+CoreDataProperties.swift"; path = "iNotesPro/DataModels/Note+CoreDataProperties.swift"; sourceTree = "<group>"; };
		BD93B74624941B74009BE53E /* iNotesPro.xcdatamodel */ = {isa = PBXFileReference; lastKnownFileType = wrapper.xcdatamodel; path = iNotesPro.xcdatamodel; sourceTree = "<group>"; };
		BD93B74B24946248009BE53E /* NotesTableViewCell.swift */ = {isa = PBXFileReference; lastKnownFileType = sourcecode.swift; path = NotesTableViewCell.swift; sourceTree = "<group>"; };
		BD93B74E24956BA4009BE53E /* Notification.swift */ = {isa = PBXFileReference; lastKnownFileType = sourcecode.swift; path = Notification.swift; sourceTree = "<group>"; };
/* End PBXFileReference section */

/* Begin PBXFrameworksBuildPhase section */
		BD93B70B2491EED7009BE53E /* Frameworks */ = {
			isa = PBXFrameworksBuildPhase;
			buildActionMask = 2147483647;
			files = (
			);
			runOnlyForDeploymentPostprocessing = 0;
		};
/* End PBXFrameworksBuildPhase section */

/* Begin PBXGroup section */
		BD93B7052491EED7009BE53E = {
			isa = PBXGroup;
			children = (
				BD93B73E249405B2009BE53E /* Note+CoreDataClass.swift */,
				BD93B73F249405B2009BE53E /* Note+CoreDataProperties.swift */,
				BD93B7102491EED7009BE53E /* iNotesPro */,
				BD93B70F2491EED7009BE53E /* Products */,
			);
			sourceTree = "<group>";
		};
		BD93B70F2491EED7009BE53E /* Products */ = {
			isa = PBXGroup;
			children = (
				BD93B70E2491EED7009BE53E /* iNotesPro.app */,
			);
			name = Products;
			sourceTree = "<group>";
		};
		BD93B7102491EED7009BE53E /* iNotesPro */ = {
			isa = PBXGroup;
			children = (
				BD93B74D24956B8D009BE53E /* Constants */,
				BD93B74A2494621F009BE53E /* Views */,
				BD93B73124930FA6009BE53E /* DataModels */,
				BD93B72C249307BC009BE53E /* Controllers */,
				BD93B7112491EED7009BE53E /* AppDelegate.swift */,
				BD93B7132491EED7009BE53E /* SceneDelegate.swift */,
				BD93B7192491EED7009BE53E /* Main.storyboard */,
				BD93B71F2491EED9009BE53E /* Assets.xcassets */,
				BD93B7212491EED9009BE53E /* LaunchScreen.storyboard */,
				BD93B7242491EED9009BE53E /* Info.plist */,
				BD93B72F24930A5F009BE53E /* PersistanceService.swift */,
				BD93B74524941B74009BE53E /* iNotesPro.xcdatamodeld */,
			);
			path = iNotesPro;
			sourceTree = "<group>";
		};
		BD93B72C249307BC009BE53E /* Controllers */ = {
			isa = PBXGroup;
			children = (
				BD93B72A24930670009BE53E /* NoteViewController.swift */,
				BD93B7172491EED7009BE53E /* SecondViewController.swift */,
				BD93B72D24930805009BE53E /* NotesTableViewTableViewController.swift */,
			);
			path = Controllers;
			sourceTree = "<group>";
		};
		BD93B73124930FA6009BE53E /* DataModels */ = {
			isa = PBXGroup;
			children = (
			);
			path = DataModels;
			sourceTree = "<group>";
		};
		BD93B74A2494621F009BE53E /* Views */ = {
			isa = PBXGroup;
			children = (
				BD93B74B24946248009BE53E /* NotesTableViewCell.swift */,
			);
			path = Views;
			sourceTree = "<group>";
		};
		BD93B74D24956B8D009BE53E /* Constants */ = {
			isa = PBXGroup;
			children = (
				BD93B74E24956BA4009BE53E /* Notification.swift */,
			);
			path = Constants;
			sourceTree = "<group>";
		};
/* End PBXGroup section */

/* Begin PBXNativeTarget section */
		BD93B70D2491EED7009BE53E /* iNotesPro */ = {
			isa = PBXNativeTarget;
			buildConfigurationList = BD93B7272491EED9009BE53E /* Build configuration list for PBXNativeTarget "iNotesPro" */;
			buildPhases = (
				BD93B70A2491EED7009BE53E /* Sources */,
				BD93B70B2491EED7009BE53E /* Frameworks */,
				BD93B70C2491EED7009BE53E /* Resources */,
			);
			buildRules = (
			);
			dependencies = (
			);
			name = iNotesPro;
			productName = iNotesPro;
			productReference = BD93B70E2491EED7009BE53E /* iNotesPro.app */;
			productType = "com.apple.product-type.application";
		};
/* End PBXNativeTarget section */

/* Begin PBXProject section */
		BD93B7062491EED7009BE53E /* Project object */ = {
			isa = PBXProject;
			attributes = {
				LastSwiftUpdateCheck = 1150;
				LastUpgradeCheck = 1150;
				ORGANIZATIONNAME = "Nirmal Sumanth";
				TargetAttributes = {
					BD93B70D2491EED7009BE53E = {
						CreatedOnToolsVersion = 11.5;
					};
				};
			};
			buildConfigurationList = BD93B7092491EED7009BE53E /* Build configuration list for PBXProject "iNotesPro" */;
			compatibilityVersion = "Xcode 9.3";
			developmentRegion = en;
			hasScannedForEncodings = 0;
			knownRegions = (
				en,
				Base,
			);
			mainGroup = BD93B7052491EED7009BE53E;
			productRefGroup = BD93B70F2491EED7009BE53E /* Products */;
			projectDirPath = "";
			projectRoot = "";
			targets = (
				BD93B70D2491EED7009BE53E /* iNotesPro */,
			);
		};
/* End PBXProject section */

/* Begin PBXResourcesBuildPhase section */
		BD93B70C2491EED7009BE53E /* Resources */ = {
			isa = PBXResourcesBuildPhase;
			buildActionMask = 2147483647;
			files = (
				BD93B7232491EED9009BE53E /* LaunchScreen.storyboard in Resources */,
				BD93B7202491EED9009BE53E /* Assets.xcassets in Resources */,
				BD93B71B2491EED7009BE53E /* Main.storyboard in Resources */,
			);
			runOnlyForDeploymentPostprocessing = 0;
		};
/* End PBXResourcesBuildPhase section */

/* Begin PBXSourcesBuildPhase section */
		BD93B70A2491EED7009BE53E /* Sources */ = {
			isa = PBXSourcesBuildPhase;
			buildActionMask = 2147483647;
			files = (
				BD93B7182491EED7009BE53E /* SecondViewController.swift in Sources */,
				BD93B7122491EED7009BE53E /* AppDelegate.swift in Sources */,
				BD93B72B24930670009BE53E /* NoteViewController.swift in Sources */,
				BD93B7142491EED7009BE53E /* SceneDelegate.swift in Sources */,
				BD93B73024930A5F009BE53E /* PersistanceService.swift in Sources */,
				BD93B740249405B2009BE53E /* Note+CoreDataClass.swift in Sources */,
				BD93B74924941D67009BE53E /* iNotesPro.xcdatamodeld in Sources */,
				BD93B74C24946248009BE53E /* NotesTableViewCell.swift in Sources */,
				BD93B74F24956BA4009BE53E /* Notification.swift in Sources */,
				BD93B72E24930805009BE53E /* NotesTableViewTableViewController.swift in Sources */,
				BD93B741249405B2009BE53E /* Note+CoreDataProperties.swift in Sources */,
			);
			runOnlyForDeploymentPostprocessing = 0;
		};
/* End PBXSourcesBuildPhase section */

/* Begin PBXVariantGroup section */
		BD93B7192491EED7009BE53E /* Main.storyboard */ = {
			isa = PBXVariantGroup;
			children = (
				BD93B71A2491EED7009BE53E /* Base */,
			);
			name = Main.storyboard;
			sourceTree = "<group>";
		};
		BD93B7212491EED9009BE53E /* LaunchScreen.storyboard */ = {
			isa = PBXVariantGroup;
			children = (
				BD93B7222491EED9009BE53E /* Base */,
			);
			name = LaunchScreen.storyboard;
			sourceTree = "<group>";
		};
/* End PBXVariantGroup section */

/* Begin XCBuildConfiguration section */
		BD93B7252491EED9009BE53E /* Debug */ = {
			isa = XCBuildConfiguration;
			buildSettings = {
				ALWAYS_SEARCH_USER_PATHS = NO;
				CLANG_ANALYZER_NONNULL = YES;
				CLANG_ANALYZER_NUMBER_OBJECT_CONVERSION = YES_AGGRESSIVE;
				CLANG_CXX_LANGUAGE_STANDARD = "gnu++14";
				CLANG_CXX_LIBRARY = "libc++";
				CLANG_ENABLE_MODULES = YES;
				CLANG_ENABLE_OBJC_ARC = YES;
				CLANG_ENABLE_OBJC_WEAK = YES;
				CLANG_WARN_BLOCK_CAPTURE_AUTORELEASING = YES;
				CLANG_WARN_BOOL_CONVERSION = YES;
				CLANG_WARN_COMMA = YES;
				CLANG_WARN_CONSTANT_CONVERSION = YES;
				CLANG_WARN_DEPRECATED_OBJC_IMPLEMENTATIONS = YES;
				CLANG_WARN_DIRECT_OBJC_ISA_USAGE = YES_ERROR;
				CLANG_WARN_DOCUMENTATION_COMMENTS = YES;
				CLANG_WARN_EMPTY_BODY = YES;
				CLANG_WARN_ENUM_CONVERSION = YES;
				CLANG_WARN_INFINITE_RECURSION = YES;
				CLANG_WARN_INT_CONVERSION = YES;
				CLANG_WARN_NON_LITERAL_NULL_CONVERSION = YES;
				CLANG_WARN_OBJC_IMPLICIT_RETAIN_SELF = YES;
				CLANG_WARN_OBJC_LITERAL_CONVERSION = YES;
				CLANG_WARN_OBJC_ROOT_CLASS = YES_ERROR;
				CLANG_WARN_RANGE_LOOP_ANALYSIS = YES;
				CLANG_WARN_STRICT_PROTOTYPES = YES;
				CLANG_WARN_SUSPICIOUS_MOVE = YES;
				CLANG_WARN_UNGUARDED_AVAILABILITY = YES_AGGRESSIVE;
				CLANG_WARN_UNREACHABLE_CODE = YES;
				CLANG_WARN__DUPLICATE_METHOD_MATCH = YES;
				COPY_PHASE_STRIP = NO;
				DEBUG_INFORMATION_FORMAT = dwarf;
				ENABLE_STRICT_OBJC_MSGSEND = YES;
				ENABLE_TESTABILITY = YES;
				GCC_C_LANGUAGE_STANDARD = gnu11;
				GCC_DYNAMIC_NO_PIC = NO;
				GCC_NO_COMMON_BLOCKS = YES;
				GCC_OPTIMIZATION_LEVEL = 0;
				GCC_PREPROCESSOR_DEFINITIONS = (
					"DEBUG=1",
					"$(inherited)",
				);
				GCC_WARN_64_TO_32_BIT_CONVERSION = YES;
				GCC_WARN_ABOUT_RETURN_TYPE = YES_ERROR;
				GCC_WARN_UNDECLARED_SELECTOR = YES;
				GCC_WARN_UNINITIALIZED_AUTOS = YES_AGGRESSIVE;
				GCC_WARN_UNUSED_FUNCTION = YES;
				GCC_WARN_UNUSED_VARIABLE = YES;
				IPHONEOS_DEPLOYMENT_TARGET = 13.5;
				MTL_ENABLE_DEBUG_INFO = INCLUDE_SOURCE;
				MTL_FAST_MATH = YES;
				ONLY_ACTIVE_ARCH = YES;
				SDKROOT = iphoneos;
				SWIFT_ACTIVE_COMPILATION_CONDITIONS = DEBUG;
				SWIFT_OPTIMIZATION_LEVEL = "-Onone";
			};
			name = Debug;
		};
		BD93B7262491EED9009BE53E /* Release */ = {
			isa = XCBuildConfiguration;
			buildSettings = {
				ALWAYS_SEARCH_USER_PATHS = NO;
				CLANG_ANALYZER_NONNULL = YES;
				CLANG_ANALYZER_NUMBER_OBJECT_CONVERSION = YES_AGGRESSIVE;
				CLANG_CXX_LANGUAGE_STANDARD = "gnu++14";
				CLANG_CXX_LIBRARY = "libc++";
				CLANG_ENABLE_MODULES = YES;
				CLANG_ENABLE_OBJC_ARC = YES;
				CLANG_ENABLE_OBJC_WEAK = YES;
				CLANG_WARN_BLOCK_CAPTURE_AUTORELEASING = YES;
				CLANG_WARN_BOOL_CONVERSION = YES;
				CLANG_WARN_COMMA = YES;
				CLANG_WARN_CONSTANT_CONVERSION = YES;
				CLANG_WARN_DEPRECATED_OBJC_IMPLEMENTATIONS = YES;
				CLANG_WARN_DIRECT_OBJC_ISA_USAGE = YES_ERROR;
				CLANG_WARN_DOCUMENTATION_COMMENTS = YES;
				CLANG_WARN_EMPTY_BODY = YES;
				CLANG_WARN_ENUM_CONVERSION = YES;
				CLANG_WARN_INFINITE_RECURSION = YES;
				CLANG_WARN_INT_CONVERSION = YES;
				CLANG_WARN_NON_LITERAL_NULL_CONVERSION = YES;
				CLANG_WARN_OBJC_IMPLICIT_RETAIN_SELF = YES;
				CLANG_WARN_OBJC_LITERAL_CONVERSION = YES;
				CLANG_WARN_OBJC_ROOT_CLASS = YES_ERROR;
				CLANG_WARN_RANGE_LOOP_ANALYSIS = YES;
				CLANG_WARN_STRICT_PROTOTYPES = YES;
				CLANG_WARN_SUSPICIOUS_MOVE = YES;
				CLANG_WARN_UNGUARDED_AVAILABILITY = YES_AGGRESSIVE;
				CLANG_WARN_UNREACHABLE_CODE = YES;
				CLANG_WARN__DUPLICATE_METHOD_MATCH = YES;
				COPY_PHASE_STRIP = NO;
				DEBUG_INFORMATION_FORMAT = "dwarf-with-dsym";
				ENABLE_NS_ASSERTIONS = NO;
				ENABLE_STRICT_OBJC_MSGSEND = YES;
				GCC_C_LANGUAGE_STANDARD = gnu11;
				GCC_NO_COMMON_BLOCKS = YES;
				GCC_WARN_64_TO_32_BIT_CONVERSION = YES;
				GCC_WARN_ABOUT_RETURN_TYPE = YES_ERROR;
				GCC_WARN_UNDECLARED_SELECTOR = YES;
				GCC_WARN_UNINITIALIZED_AUTOS = YES_AGGRESSIVE;
				GCC_WARN_UNUSED_FUNCTION = YES;
				GCC_WARN_UNUSED_VARIABLE = YES;
				IPHONEOS_DEPLOYMENT_TARGET = 13.5;
				MTL_ENABLE_DEBUG_INFO = NO;
				MTL_FAST_MATH = YES;
				SDKROOT = iphoneos;
				SWIFT_COMPILATION_MODE = wholemodule;
				SWIFT_OPTIMIZATION_LEVEL = "-O";
				VALIDATE_PRODUCT = YES;
			};
			name = Release;
		};
		BD93B7282491EED9009BE53E /* Debug */ = {
			isa = XCBuildConfiguration;
			buildSettings = {
				ASSETCATALOG_COMPILER_APPICON_NAME = AppIcon;
				CODE_SIGN_STYLE = Automatic;
				DEVELOPMENT_TEAM = Y88GS2HUZY;
				INFOPLIST_FILE = iNotesPro/Info.plist;
				LD_RUNPATH_SEARCH_PATHS = (
					"$(inherited)",
					"@executable_path/Frameworks",
				);
				PRODUCT_BUNDLE_IDENTIFIER = SwiftMADT.iNotesPro;
				PRODUCT_NAME = "$(TARGET_NAME)";
				SWIFT_VERSION = 5.0;
				TARGETED_DEVICE_FAMILY = "1,2";
			};
			name = Debug;
		};
		BD93B7292491EED9009BE53E /* Release */ = {
			isa = XCBuildConfiguration;
			buildSettings = {
				ASSETCATALOG_COMPILER_APPICON_NAME = AppIcon;
				CODE_SIGN_STYLE = Automatic;
				DEVELOPMENT_TEAM = Y88GS2HUZY;
				INFOPLIST_FILE = iNotesPro/Info.plist;
				LD_RUNPATH_SEARCH_PATHS = (
					"$(inherited)",
					"@executable_path/Frameworks",
				);
				PRODUCT_BUNDLE_IDENTIFIER = SwiftMADT.iNotesPro;
				PRODUCT_NAME = "$(TARGET_NAME)";
				SWIFT_VERSION = 5.0;
				TARGETED_DEVICE_FAMILY = "1,2";
			};
			name = Release;
		};
/* End XCBuildConfiguration section */

/* Begin XCConfigurationList section */
		BD93B7092491EED7009BE53E /* Build configuration list for PBXProject "iNotesPro" */ = {
			isa = XCConfigurationList;
			buildConfigurations = (
				BD93B7252491EED9009BE53E /* Debug */,
				BD93B7262491EED9009BE53E /* Release */,
			);
			defaultConfigurationIsVisible = 0;
			defaultConfigurationName = Release;
		};
		BD93B7272491EED9009BE53E /* Build configuration list for PBXNativeTarget "iNotesPro" */ = {
			isa = XCConfigurationList;
			buildConfigurations = (
				BD93B7282491EED9009BE53E /* Debug */,
				BD93B7292491EED9009BE53E /* Release */,
			);
			defaultConfigurationIsVisible = 0;
			defaultConfigurationName = Release;
		};
/* End XCConfigurationList section */

/* Begin XCVersionGroup section */
		BD93B74524941B74009BE53E /* iNotesPro.xcdatamodeld */ = {
			isa = XCVersionGroup;
			children = (
				BD93B74624941B74009BE53E /* iNotesPro.xcdatamodel */,
			);
			currentVersion = BD93B74624941B74009BE53E /* iNotesPro.xcdatamodel */;
			path = iNotesPro.xcdatamodeld;
			sourceTree = "<group>";
			versionGroupType = wrapper.xcdatamodel;
		};
/* End XCVersionGroup section */
	};
	rootObject = BD93B7062491EED7009BE53E /* Project object */;
}
